
Microsoft Visual Studio Solution File, Format Version 12.00
# Visual Studio Version 17
VisualStudioVersion = 17.3.32929.385
MinimumVisualStudioVersion = 10.0.40219.1
Project("{FAE04EC0-301F-11D3-BF4B-00C04F79EFBC}") = "Nah", "Nah\Nah.csproj", "{7FDECBED-7E51-485E-9F2E-E1B9DCAA7544}"
EndProject
Global
	GlobalSection(SolutionConfigurationPlatforms) = preSolution
		Debug|Any CPU = Debug|Any CPU
		Release|Any CPU = Release|Any CPU
	EndGlobalSection
	GlobalSection(ProjectConfigurationPlatforms) = postSolution
		{7FDECBED-7E51-485E-9F2E-E1B9DCAA7544}.Debug|Any CPU.ActiveCfg = Debug|Any CPU
		{7FDECBED-7E51-485E-9F2E-E1B9DCAA7544}.Debug|Any CPU.Build.0 = Debug|Any CPU
		{7FDECBED-7E51-485E-9F2E-E1B9DCAA7544}.Release|Any CPU.ActiveCfg = Release|Any CPU
		{7FDECBED-7E51-485E-9F2E-E1B9DCAA7544}.Release|Any CPU.Build.0 = Release|Any CPU
	EndGlobalSection
	GlobalSection(SolutionProperties) = preSolution
		HideSolutionNode = FALSE
	EndGlobalSection
	GlobalSection(ExtensibilityGlobals) = postSolution
		SolutionGuid = {140271BD-3A87-49ED-B38F-706692F3E7F1}
	EndGlobalSection
EndGlobal
